
Microsoft Visual Studio Solution File, Format Version 12.00
# Visual Studio Version 17
VisualStudioVersion = 17.4.33110.190
MinimumVisualStudioVersion = 10.0.40219.1
Project("{FAE04EC0-301F-11D3-BF4B-00C04F79EFBC}") = "MinAPI_Client", "MinAPI_Client\MinAPI_Client.csproj", "{ACE95A9F-8092-4273-A328-3904D9D1BE9F}"
EndProject
Global
	GlobalSection(SolutionConfigurationPlatforms) = preSolution
		Debug|Any CPU = Debug|Any CPU
		Release|Any CPU = Release|Any CPU
	EndGlobalSection
	GlobalSection(ProjectConfigurationPlatforms) = postSolution
		{ACE95A9F-8092-4273-A328-3904D9D1BE9F}.Debug|Any CPU.ActiveCfg = Debug|Any CPU
		{ACE95A9F-8092-4273-A328-3904D9D1BE9F}.Debug|Any CPU.Build.0 = Debug|Any CPU
		{ACE95A9F-8092-4273-A328-3904D9D1BE9F}.Release|Any CPU.ActiveCfg = Release|Any CPU
		{ACE95A9F-8092-4273-A328-3904D9D1BE9F}.Release|Any CPU.Build.0 = Release|Any CPU
	EndGlobalSection
	GlobalSection(SolutionProperties) = preSolution
		HideSolutionNode = FALSE
	EndGlobalSection
	GlobalSection(ExtensibilityGlobals) = postSolution
		SolutionGuid = {6DDBA464-C457-4F88-96B6-0351B46B8470}
	EndGlobalSection
EndGlobal
