
Microsoft Visual Studio Solution File, Format Version 12.00
# Visual Studio Version 17
VisualStudioVersion = 17.4.33122.133
MinimumVisualStudioVersion = 10.0.40219.1
Project("{FAE04EC0-301F-11D3-BF4B-00C04F79EFBC}") = "APITest", "APITest\APITest.csproj", "{7B6B0E86-8ECB-42D4-8946-1F01B32B9338}"
EndProject
Global
	GlobalSection(SolutionConfigurationPlatforms) = preSolution
		Debug|Any CPU = Debug|Any CPU
		Release|Any CPU = Release|Any CPU
	EndGlobalSection
	GlobalSection(ProjectConfigurationPlatforms) = postSolution
		{7B6B0E86-8ECB-42D4-8946-1F01B32B9338}.Debug|Any CPU.ActiveCfg = Debug|Any CPU
		{7B6B0E86-8ECB-42D4-8946-1F01B32B9338}.Debug|Any CPU.Build.0 = Debug|Any CPU
		{7B6B0E86-8ECB-42D4-8946-1F01B32B9338}.Release|Any CPU.ActiveCfg = Release|Any CPU
		{7B6B0E86-8ECB-42D4-8946-1F01B32B9338}.Release|Any CPU.Build.0 = Release|Any CPU
	EndGlobalSection
	GlobalSection(SolutionProperties) = preSolution
		HideSolutionNode = FALSE
	EndGlobalSection
	GlobalSection(ExtensibilityGlobals) = postSolution
		SolutionGuid = {16404084-A537-4C57-B31D-7BE171FFD408}
	EndGlobalSection
EndGlobal
