
Microsoft Visual Studio Solution File, Format Version 12.00
# Visual Studio Version 17
VisualStudioVersion = 17.4.33110.190
MinimumVisualStudioVersion = 10.0.40219.1
Project("{FAE04EC0-301F-11D3-BF4B-00C04F79EFBC}") = "EncryptionTest", "EncryptionTest\EncryptionTest.csproj", "{A3C1AE1B-31F2-4F2A-B3C4-5AC776D11BFC}"
EndProject
Global
	GlobalSection(SolutionConfigurationPlatforms) = preSolution
		Debug|Any CPU = Debug|Any CPU
		Release|Any CPU = Release|Any CPU
	EndGlobalSection
	GlobalSection(ProjectConfigurationPlatforms) = postSolution
		{A3C1AE1B-31F2-4F2A-B3C4-5AC776D11BFC}.Debug|Any CPU.ActiveCfg = Debug|Any CPU
		{A3C1AE1B-31F2-4F2A-B3C4-5AC776D11BFC}.Debug|Any CPU.Build.0 = Debug|Any CPU
		{A3C1AE1B-31F2-4F2A-B3C4-5AC776D11BFC}.Release|Any CPU.ActiveCfg = Release|Any CPU
		{A3C1AE1B-31F2-4F2A-B3C4-5AC776D11BFC}.Release|Any CPU.Build.0 = Release|Any CPU
	EndGlobalSection
	GlobalSection(SolutionProperties) = preSolution
		HideSolutionNode = FALSE
	EndGlobalSection
	GlobalSection(ExtensibilityGlobals) = postSolution
		SolutionGuid = {96C74A13-D15E-480B-A02A-3A9AFE6D7831}
	EndGlobalSection
EndGlobal
