
Microsoft Visual Studio Solution File, Format Version 12.00
# Visual Studio Version 17
VisualStudioVersion = 17.4.33122.133
MinimumVisualStudioVersion = 10.0.40219.1
Project("{FAE04EC0-301F-11D3-BF4B-00C04F79EFBC}") = "RevString", "RevString\RevString.csproj", "{DB18A032-3851-4237-8AF2-79EBCD0216A7}"
EndProject
Global
	GlobalSection(SolutionConfigurationPlatforms) = preSolution
		Debug|Any CPU = Debug|Any CPU
		Release|Any CPU = Release|Any CPU
	EndGlobalSection
	GlobalSection(ProjectConfigurationPlatforms) = postSolution
		{DB18A032-3851-4237-8AF2-79EBCD0216A7}.Debug|Any CPU.ActiveCfg = Debug|Any CPU
		{DB18A032-3851-4237-8AF2-79EBCD0216A7}.Debug|Any CPU.Build.0 = Debug|Any CPU
		{DB18A032-3851-4237-8AF2-79EBCD0216A7}.Release|Any CPU.ActiveCfg = Release|Any CPU
		{DB18A032-3851-4237-8AF2-79EBCD0216A7}.Release|Any CPU.Build.0 = Release|Any CPU
	EndGlobalSection
	GlobalSection(SolutionProperties) = preSolution
		HideSolutionNode = FALSE
	EndGlobalSection
	GlobalSection(ExtensibilityGlobals) = postSolution
		SolutionGuid = {55933E1E-5BF3-48B5-988B-4A08AFAD92F3}
	EndGlobalSection
EndGlobal
