
Microsoft Visual Studio Solution File, Format Version 12.00
# Visual Studio Version 17
VisualStudioVersion = 17.4.33205.214
MinimumVisualStudioVersion = 10.0.40219.1
Project("{FAE04EC0-301F-11D3-BF4B-00C04F79EFBC}") = "ECommerceAPI", "ECommerceAPI\ECommerceAPI.csproj", "{0265C077-ED14-4B58-A525-B5ADC15665CB}"
EndProject
Global
	GlobalSection(SolutionConfigurationPlatforms) = preSolution
		Debug|Any CPU = Debug|Any CPU
		Release|Any CPU = Release|Any CPU
	EndGlobalSection
	GlobalSection(ProjectConfigurationPlatforms) = postSolution
		{0265C077-ED14-4B58-A525-B5ADC15665CB}.Debug|Any CPU.ActiveCfg = Debug|Any CPU
		{0265C077-ED14-4B58-A525-B5ADC15665CB}.Debug|Any CPU.Build.0 = Debug|Any CPU
		{0265C077-ED14-4B58-A525-B5ADC15665CB}.Release|Any CPU.ActiveCfg = Release|Any CPU
		{0265C077-ED14-4B58-A525-B5ADC15665CB}.Release|Any CPU.Build.0 = Release|Any CPU
	EndGlobalSection
	GlobalSection(SolutionProperties) = preSolution
		HideSolutionNode = FALSE
	EndGlobalSection
	GlobalSection(ExtensibilityGlobals) = postSolution
		SolutionGuid = {77E2C815-1BA6-46A2-B9C6-B70A85ECC941}
	EndGlobalSection
EndGlobal
