
Microsoft Visual Studio Solution File, Format Version 12.00
# Visual Studio Version 17
VisualStudioVersion = 17.4.33213.308
MinimumVisualStudioVersion = 10.0.40219.1
Project("{FAE04EC0-301F-11D3-BF4B-00C04F79EFBC}") = "Interview", "Interview\Interview.csproj", "{559E83CB-CCE3-48E4-9ABF-974E351D8A0B}"
EndProject
Global
	GlobalSection(SolutionConfigurationPlatforms) = preSolution
		Debug|Any CPU = Debug|Any CPU
		Release|Any CPU = Release|Any CPU
	EndGlobalSection
	GlobalSection(ProjectConfigurationPlatforms) = postSolution
		{559E83CB-CCE3-48E4-9ABF-974E351D8A0B}.Debug|Any CPU.ActiveCfg = Debug|Any CPU
		{559E83CB-CCE3-48E4-9ABF-974E351D8A0B}.Debug|Any CPU.Build.0 = Debug|Any CPU
		{559E83CB-CCE3-48E4-9ABF-974E351D8A0B}.Release|Any CPU.ActiveCfg = Release|Any CPU
		{559E83CB-CCE3-48E4-9ABF-974E351D8A0B}.Release|Any CPU.Build.0 = Release|Any CPU
	EndGlobalSection
	GlobalSection(SolutionProperties) = preSolution
		HideSolutionNode = FALSE
	EndGlobalSection
	GlobalSection(ExtensibilityGlobals) = postSolution
		SolutionGuid = {294E3503-DBE3-42B5-8DE5-75E9BA14660C}
	EndGlobalSection
EndGlobal
