
Microsoft Visual Studio Solution File, Format Version 12.00
# Visual Studio Version 17
VisualStudioVersion = 17.4.33103.184
MinimumVisualStudioVersion = 10.0.40219.1
Project("{FAE04EC0-301F-11D3-BF4B-00C04F79EFBC}") = "TicketingApp", "TicketingApp\TicketingApp.csproj", "{297AFD02-DA95-437A-954F-151D45E580ED}"
EndProject
Project("{FAE04EC0-301F-11D3-BF4B-00C04F79EFBC}") = "TicketingApp.App", "TicketingApp.App\TicketingApp.App.csproj", "{8895BAF7-E8E3-4E9C-B0C6-EACAD79E6B71}"
EndProject
Project("{FAE04EC0-301F-11D3-BF4B-00C04F79EFBC}") = "TicketingApp.Data", "TicketingApp.Data\TicketingApp.Data.csproj", "{6D302EBD-13EF-4B56-B4B4-B4DD14556ABE}"
EndProject
Project("{FAE04EC0-301F-11D3-BF4B-00C04F79EFBC}") = "TicketingApp.Logic", "TicketingApp.Logic\TicketingApp.Logic.csproj", "{684C02DD-7369-4ECF-A7B7-6973525085B3}"
EndProject
Global
	GlobalSection(SolutionConfigurationPlatforms) = preSolution
		Debug|Any CPU = Debug|Any CPU
		Release|Any CPU = Release|Any CPU
	EndGlobalSection
	GlobalSection(ProjectConfigurationPlatforms) = postSolution
		{297AFD02-DA95-437A-954F-151D45E580ED}.Debug|Any CPU.ActiveCfg = Debug|Any CPU
		{297AFD02-DA95-437A-954F-151D45E580ED}.Debug|Any CPU.Build.0 = Debug|Any CPU
		{297AFD02-DA95-437A-954F-151D45E580ED}.Release|Any CPU.ActiveCfg = Release|Any CPU
		{297AFD02-DA95-437A-954F-151D45E580ED}.Release|Any CPU.Build.0 = Release|Any CPU
		{8895BAF7-E8E3-4E9C-B0C6-EACAD79E6B71}.Debug|Any CPU.ActiveCfg = Debug|Any CPU
		{8895BAF7-E8E3-4E9C-B0C6-EACAD79E6B71}.Debug|Any CPU.Build.0 = Debug|Any CPU
		{8895BAF7-E8E3-4E9C-B0C6-EACAD79E6B71}.Release|Any CPU.ActiveCfg = Release|Any CPU
		{8895BAF7-E8E3-4E9C-B0C6-EACAD79E6B71}.Release|Any CPU.Build.0 = Release|Any CPU
		{6D302EBD-13EF-4B56-B4B4-B4DD14556ABE}.Debug|Any CPU.ActiveCfg = Debug|Any CPU
		{6D302EBD-13EF-4B56-B4B4-B4DD14556ABE}.Debug|Any CPU.Build.0 = Debug|Any CPU
		{6D302EBD-13EF-4B56-B4B4-B4DD14556ABE}.Release|Any CPU.ActiveCfg = Release|Any CPU
		{6D302EBD-13EF-4B56-B4B4-B4DD14556ABE}.Release|Any CPU.Build.0 = Release|Any CPU
		{684C02DD-7369-4ECF-A7B7-6973525085B3}.Debug|Any CPU.ActiveCfg = Debug|Any CPU
		{684C02DD-7369-4ECF-A7B7-6973525085B3}.Debug|Any CPU.Build.0 = Debug|Any CPU
		{684C02DD-7369-4ECF-A7B7-6973525085B3}.Release|Any CPU.ActiveCfg = Release|Any CPU
		{684C02DD-7369-4ECF-A7B7-6973525085B3}.Release|Any CPU.Build.0 = Release|Any CPU
	EndGlobalSection
	GlobalSection(SolutionProperties) = preSolution
		HideSolutionNode = FALSE
	EndGlobalSection
	GlobalSection(ExtensibilityGlobals) = postSolution
		SolutionGuid = {8709E7D2-47E7-4BA6-B2A5-05326B76C87A}
	EndGlobalSection
EndGlobal
