
Microsoft Visual Studio Solution File, Format Version 12.00
# Visual Studio Version 17
VisualStudioVersion = 17.4.33213.308
MinimumVisualStudioVersion = 10.0.40219.1
Project("{FAE04EC0-301F-11D3-BF4B-00C04F79EFBC}") = "CodingChallenge-3-23-23", "..\CodingChallenge-3-23-23\CodingChallenge-3-23-23.csproj", "{D0AB85C8-FC25-4A63-A34F-35F48922849B}"
EndProject
Global
	GlobalSection(SolutionConfigurationPlatforms) = preSolution
		Debug|Any CPU = Debug|Any CPU
		Release|Any CPU = Release|Any CPU
	EndGlobalSection
	GlobalSection(ProjectConfigurationPlatforms) = postSolution
		{D0AB85C8-FC25-4A63-A34F-35F48922849B}.Debug|Any CPU.ActiveCfg = Debug|Any CPU
		{D0AB85C8-FC25-4A63-A34F-35F48922849B}.Debug|Any CPU.Build.0 = Debug|Any CPU
		{D0AB85C8-FC25-4A63-A34F-35F48922849B}.Release|Any CPU.ActiveCfg = Release|Any CPU
		{D0AB85C8-FC25-4A63-A34F-35F48922849B}.Release|Any CPU.Build.0 = Release|Any CPU
	EndGlobalSection
	GlobalSection(SolutionProperties) = preSolution
		HideSolutionNode = FALSE
	EndGlobalSection
	GlobalSection(ExtensibilityGlobals) = postSolution
		SolutionGuid = {67E849FC-304B-4ACB-BD91-A5CFB6115EF7}
	EndGlobalSection
EndGlobal
